
Microsoft Visual Studio Solution File, Format Version 12.00
# Visual Studio Version 16
VisualStudioVersion = 16.0.34729.46
MinimumVisualStudioVersion = 10.0.40219.1
Project("{FAE04EC0-301F-11D3-BF4B-00C04F79EFBC}") = "TextApp", "TextApp.csproj", "{F94E9029-DC40-43B6-8687-F2C06B8CB969}"
EndProject
Global
	GlobalSection(SolutionConfigurationPlatforms) = preSolution
		Debug|Any CPU = Debug|Any CPU
		Release|Any CPU = Release|Any CPU
	EndGlobalSection
	GlobalSection(ProjectConfigurationPlatforms) = postSolution
		{F94E9029-DC40-43B6-8687-F2C06B8CB969}.Debug|Any CPU.ActiveCfg = Debug|Any CPU
		{F94E9029-DC40-43B6-8687-F2C06B8CB969}.Debug|Any CPU.Build.0 = Debug|Any CPU
		{F94E9029-DC40-43B6-8687-F2C06B8CB969}.Release|Any CPU.ActiveCfg = Release|Any CPU
		{F94E9029-DC40-43B6-8687-F2C06B8CB969}.Release|Any CPU.Build.0 = Release|Any CPU
	EndGlobalSection
	GlobalSection(SolutionProperties) = preSolution
		HideSolutionNode = FALSE
	EndGlobalSection
	GlobalSection(ExtensibilityGlobals) = postSolution
		SolutionGuid = {6EFD02BA-CF2E-4F85-973C-18FA94D34D3D}
	EndGlobalSection
EndGlobal
